
Microsoft Visual Studio Solution File, Format Version 12.00
# Visual Studio Version 17
VisualStudioVersion = 17.8.34309.116
MinimumVisualStudioVersion = 10.0.40219.1
Project("{FAE04EC0-301F-11D3-BF4B-00C04F79EFBC}") = "Workaround", "Workaround\Workaround.csproj", "{A2D68F43-3DAA-44F7-8302-34053C498B66}"
EndProject
Project("{FAE04EC0-301F-11D3-BF4B-00C04F79EFBC}") = "Entities", "Entities\Entities.csproj", "{53462CD5-71C3-4251-BA8E-47BD8C502F57}"
EndProject
Project("{FAE04EC0-301F-11D3-BF4B-00C04F79EFBC}") = "Business", "Business\Business.csproj", "{A3DCC165-7B54-46AC-8BB9-0DA3C9EDE675}"
EndProject
Global
	GlobalSection(SolutionConfigurationPlatforms) = preSolution
		Debug|Any CPU = Debug|Any CPU
		Release|Any CPU = Release|Any CPU
	EndGlobalSection
	GlobalSection(ProjectConfigurationPlatforms) = postSolution
		{A2D68F43-3DAA-44F7-8302-34053C498B66}.Debug|Any CPU.ActiveCfg = Debug|Any CPU
		{A2D68F43-3DAA-44F7-8302-34053C498B66}.Debug|Any CPU.Build.0 = Debug|Any CPU
		{A2D68F43-3DAA-44F7-8302-34053C498B66}.Release|Any CPU.ActiveCfg = Release|Any CPU
		{A2D68F43-3DAA-44F7-8302-34053C498B66}.Release|Any CPU.Build.0 = Release|Any CPU
		{53462CD5-71C3-4251-BA8E-47BD8C502F57}.Debug|Any CPU.ActiveCfg = Debug|Any CPU
		{53462CD5-71C3-4251-BA8E-47BD8C502F57}.Debug|Any CPU.Build.0 = Debug|Any CPU
		{53462CD5-71C3-4251-BA8E-47BD8C502F57}.Release|Any CPU.ActiveCfg = Release|Any CPU
		{53462CD5-71C3-4251-BA8E-47BD8C502F57}.Release|Any CPU.Build.0 = Release|Any CPU
		{A3DCC165-7B54-46AC-8BB9-0DA3C9EDE675}.Debug|Any CPU.ActiveCfg = Debug|Any CPU
		{A3DCC165-7B54-46AC-8BB9-0DA3C9EDE675}.Debug|Any CPU.Build.0 = Debug|Any CPU
		{A3DCC165-7B54-46AC-8BB9-0DA3C9EDE675}.Release|Any CPU.ActiveCfg = Release|Any CPU
		{A3DCC165-7B54-46AC-8BB9-0DA3C9EDE675}.Release|Any CPU.Build.0 = Release|Any CPU
	EndGlobalSection
	GlobalSection(SolutionProperties) = preSolution
		HideSolutionNode = FALSE
	EndGlobalSection
	GlobalSection(ExtensibilityGlobals) = postSolution
		SolutionGuid = {502515DB-3FD1-4AAC-9AFA-711158E72938}
	EndGlobalSection
EndGlobal
